{
  "name": "codekit-project",
  "version": "1.0.0",
  "lockfileVersion": 1,
  "requires": true,
  "dependencies": {
    "gsap": {
      "version": "file:gsap-bonus.tgz",
      "integrity": "sha512-pDhbxDJeZreZORpBacsNwMkJZtmnqwxDU5knDfLIf1l3YIzUggiIe1P2bz5QHu2mK5giSE3qgoZl28JHBoogTQ=="
    },
    "gsap-plugin": {
      "version": "5.0.8",
      "resolved": "https://registry.npmjs.org/gsap-plugin/-/gsap-plugin-5.0.8.tgz",
      "integrity": "sha512-cK5t+aI5qodim/DYdxoeS8VqAEwhsVdS+/ddDeSgJRfnao1WAUtfejmwzZ57G+lqx10Y4MZmW1N37hH5d3SAAw=="
    }
  }
}
